{
  "version": 1,
  "dependencies": {
    "net8.0": {
      "Silk.NET.Vulkan": {
        "type": "Direct",
        "requested": "(, )",
        "resolved": "1.0.0",
        "contentHash": "KBncM1lTxpG7ycZJukWSWvUhEOAzDa7+d8zZF2N/udwn7BAeX8HyrUvPByxdrIqmBIypB3A3rB2u9WsNUWhV5w==",
        "dependencies": {
          "Silk.NET.Core": "1.0.0"
        }
      },
      "Silk.NET.Vulkan.Extensions.EXT": {
        "type": "Direct",
        "requested": "(, )",
        "resolved": "1.0.0",
        "contentHash": "aNppgkJ9de/c7jlKHVIfUt+Ippb+7npTPLI8Ih1KhzmCe4wkYnlfL9S2k66paoyIC1LsrUuH5IBWA2jDR2sgQg==",
        "dependencies": {
          "Silk.NET.Core": "1.0.0",
          "Silk.NET.Vulkan": "1.0.0"
        }
      },
      "Silk.NET.Vulkan.Extensions.KHR": {
        "type": "Direct",
        "requested": "(, )",
        "resolved": "1.0.0",
        "contentHash": "BdLULSny+1l0cPTqIHv1VxEsUKkM7UTogtnFY6zAbXUua1OVeKyKi2HFkeyshjQMsokdDTS0XmfJIfghcgUYdw==",
        "dependencies": {
          "Silk.NET.Core": "1.0.0",
          "Silk.NET.Vulkan": "1.0.0"
        }
      },
      "Microsoft.CSharp": {
        "type": "Transitive",
        "resolved": "4.7.0",
        "contentHash": "pTj+D3uJWyN3My70i2Hqo+OXixq3Os2D1nJ2x92FFo6sk8fYS1m1WLNTs0Dc1uPaViH0YvEEwvzddQ7y4rhXmA=="
      },
      "Microsoft.DotNet.PlatformAbstractions": {
        "type": "Transitive",
        "resolved": "3.1.1",
        "contentHash": "5lV+Vejn4bKC3wEUPH2Z/FTYkaHBO0AVJqqTD+ATE0rP6jQARIJbtWKc+aF2TWGsxFeiARW8Y0lnMFHdLOJFqA=="
      },
      "Microsoft.Extensions.DependencyModel": {
        "type": "Transitive",
        "resolved": "3.1.1",
        "contentHash": "JjNCPx5Jbk7WTjaFI9Kyq+ZRVwMJ7Ee2AmgLKraQUS8AuciAO+euxHAhlhv0AWCsVyibyRr+5USxjyc7U6VsMA==",
        "dependencies": {
          "System.Text.Json": "4.7.0"
        }
      },
      "Silk.NET.Core": {
        "type": "Transitive",
        "resolved": "1.0.0",
        "contentHash": "Be6UcDrH8xY+r3On7+vMUUUT89PbZafFeLxAa+tqFDYnyMbvnrTEeMWOAMDeTYpqPocTp/TT7yUbMI7F++yZqA==",
        "dependencies": {
          "Microsoft.CSharp": "4.7.0",
          "System.Memory": "4.5.3",
          "System.Numerics.Vectors": "4.5.0",
          "System.Reflection.Emit": "4.7.0",
          "System.Reflection.Emit.ILGeneration": "4.7.0",
          "System.Runtime.CompilerServices.Unsafe": "4.7.0",
          "Ultz.SuperInvoke": "1.0.3"
        }
      },
      "System.Memory": {
        "type": "Transitive",
        "resolved": "4.5.3",
        "contentHash": "3oDzvc/zzetpTKWMShs1AADwZjQ/36HnsufHRPcOjyRAAMLDlu2iD33MBI2opxnezcVUtXyqDXXjoFMOU9c7SA=="
      },
      "System.Numerics.Vectors": {
        "type": "Transitive",
        "resolved": "4.5.0",
        "contentHash": "QQTlPTl06J/iiDbJCiepZ4H//BVraReU4O4EoRw1U02H5TLUIT7xn3GnDp9AXPSlJUDyFs4uWjWafNX6WrAojQ=="
      },
      "System.Reflection.Emit": {
        "type": "Transitive",
        "resolved": "4.7.0",
        "contentHash": "VR4kk8XLKebQ4MZuKuIni/7oh+QGFmZW3qORd1GvBq/8026OpW501SzT/oypwiQl4TvT8ErnReh/NzY9u+C6wQ=="
      },
      "System.Reflection.Emit.ILGeneration": {
        "type": "Transitive",
        "resolved": "4.7.0",
        "contentHash": "AucBYo3DSI0IDxdUjKksBcQJXPHyoPyrCXYURW1WDsLI4M65Ar/goSHjdnHOAY9MiYDNKqDlIgaYm+zL2hA1KA=="
      },
      "System.Runtime.CompilerServices.Unsafe": {
        "type": "Transitive",
        "resolved": "4.7.0",
        "contentHash": "IpU1lcHz8/09yDr9N+Juc7SCgNUz+RohkCQI+KsWKR67XxpFr8Z6c8t1iENCXZuRuNCc4HBwme/MDHNVCwyAKg=="
      },
      "System.Text.Json": {
        "type": "Transitive",
        "resolved": "4.7.0",
        "contentHash": "IPq/x/d5nAcnD3vIyM3AbPOaTgcqrh0AqPSx7U53UFu3M6k1TH1u/eXc9/h4jm/3mpP1WRUpevlPY4PACd7AWw=="
      },
      "Ultz.SuperInvoke": {
        "type": "Transitive",
        "resolved": "1.0.3",
        "contentHash": "aKuSFiS95bBozbRYAqnnO0OF3IveGf1jsObSWcMSNl+mQ8J1bjukIHEz0FC0MsYWxP/7E0EK7V54asv2GfA9Mg==",
        "dependencies": {
          "System.Memory": "4.5.3",
          "System.Reflection.Emit": "4.7.0",
          "Ultz.SuperInvoke.Loader": "1.0.3"
        }
      },
      "Ultz.SuperInvoke.Loader": {
        "type": "Transitive",
        "resolved": "1.0.3",
        "contentHash": "6t1fKa27Hu1+QcPLxyQReaq1itgTYb9fJSrWYFDR5Fr/paUjf5IlF9naTc//UCiVO+HADjyxIkYL/uhInL7B6w==",
        "dependencies": {
          "Microsoft.Extensions.DependencyModel": "3.1.1",
          "microsoft.dotnet.platformabstractions": "3.1.1"
        }
      }
    }
  }
}